// !$*UTF8*$!
{
	archiveVersion = 1;
	classes = {
	};
	objectVersion = 50;
	objects = {

/* Begin PBXBuildFile section */
		BA21C6192593CD6900F11DF6 /* RealEstateListingsApp.swift in Sources */ = {isa = PBXBuildFile; fileRef = BA21C6182593CD6900F11DF6 /* RealEstateListingsApp.swift */; };
		BA21C61B2593CD6900F11DF6 /* ContentView.swift in Sources */ = {isa = PBXBuildFile; fileRef = BA21C61A2593CD6900F11DF6 /* ContentView.swift */; };
		BA21C61D2593CD6E00F11DF6 /* Assets.xcassets in Resources */ = {isa = PBXBuildFile; fileRef = BA21C61C2593CD6E00F11DF6 /* Assets.xcassets */; };
		BA21C6202593CD6E00F11DF6 /* Preview Assets.xcassets in Resources */ = {isa = PBXBuildFile; fileRef = BA21C61F2593CD6E00F11DF6 /* Preview Assets.xcassets */; };
		BA21C62B2593CD6E00F11DF6 /* RealEstateListingsTests.swift in Sources */ = {isa = PBXBuildFile; fileRef = BA21C62A2593CD6E00F11DF6 /* RealEstateListingsTests.swift */; };
		BA21C6362593CD6E00F11DF6 /* RealEstateListingsUITests.swift in Sources */ = {isa = PBXBuildFile; fileRef = BA21C6352593CD6E00F11DF6 /* RealEstateListingsUITests.swift */; };
		BA21C6472593CE6300F11DF6 /* CardView.swift in Sources */ = {isa = PBXBuildFile; fileRef = BA21C6462593CE6300F11DF6 /* CardView.swift */; };
		BA7DB2D927D4B477005EA826 /* DetailView.swift in Sources */ = {isa = PBXBuildFile; fileRef = BA7DB2D827D4B477005EA826 /* DetailView.swift */; };
/* End PBXBuildFile section */

/* Begin PBXContainerItemProxy section */
		BA21C6272593CD6E00F11DF6 /* PBXContainerItemProxy */ = {
			isa = PBXContainerItemProxy;
			containerPortal = BA21C60D2593CD6900F11DF6 /* Project object */;
			proxyType = 1;
			remoteGlobalIDString = BA21C6142593CD6900F11DF6;
			remoteInfo = RealEstateListings;
		};
		BA21C6322593CD6E00F11DF6 /* PBXContainerItemProxy */ = {
			isa = PBXContainerItemProxy;
			containerPortal = BA21C60D2593CD6900F11DF6 /* Project object */;
			proxyType = 1;
			remoteGlobalIDString = BA21C6142593CD6900F11DF6;
			remoteInfo = RealEstateListings;
		};
/* End PBXContainerItemProxy section */

/* Begin PBXFileReference section */
		BA21C6152593CD6900F11DF6 /* RealEstateListings.app */ = {isa = PBXFileReference; explicitFileType = wrapper.application; includeInIndex = 0; path = RealEstateListings.app; sourceTree = BUILT_PRODUCTS_DIR; };
		BA21C6182593CD6900F11DF6 /* RealEstateListingsApp.swift */ = {isa = PBXFileReference; lastKnownFileType = sourcecode.swift; path = RealEstateListingsApp.swift; sourceTree = "<group>"; };
		BA21C61A2593CD6900F11DF6 /* ContentView.swift */ = {isa = PBXFileReference; lastKnownFileType = sourcecode.swift; path = ContentView.swift; sourceTree = "<group>"; };
		BA21C61C2593CD6E00F11DF6 /* Assets.xcassets */ = {isa = PBXFileReference; lastKnownFileType = folder.assetcatalog; path = Assets.xcassets; sourceTree = "<group>"; };
		BA21C61F2593CD6E00F11DF6 /* Preview Assets.xcassets */ = {isa = PBXFileReference; lastKnownFileType = folder.assetcatalog; path = "Preview Assets.xcassets"; sourceTree = "<group>"; };
		BA21C6212593CD6E00F11DF6 /* Info.plist */ = {isa = PBXFileReference; lastKnownFileType = text.plist.xml; path = Info.plist; sourceTree = "<group>"; };
		BA21C6262593CD6E00F11DF6 /* RealEstateListingsTests.xctest */ = {isa = PBXFileReference; explicitFileType = wrapper.cfbundle; includeInIndex = 0; path = RealEstateListingsTests.xctest; sourceTree = BUILT_PRODUCTS_DIR; };
		BA21C62A2593CD6E00F11DF6 /* RealEstateListingsTests.swift */ = {isa = PBXFileReference; lastKnownFileType = sourcecode.swift; path = RealEstateListingsTests.swift; sourceTree = "<group>"; };
		BA21C62C2593CD6E00F11DF6 /* Info.plist */ = {isa = PBXFileReference; lastKnownFileType = text.plist.xml; path = Info.plist; sourceTree = "<group>"; };
		BA21C6312593CD6E00F11DF6 /* RealEstateListingsUITests.xctest */ = {isa = PBXFileReference; explicitFileType = wrapper.cfbundle; includeInIndex = 0; path = RealEstateListingsUITests.xctest; sourceTree = BUILT_PRODUCTS_DIR; };
		BA21C6352593CD6E00F11DF6 /* RealEstateListingsUITests.swift */ = {isa = PBXFileReference; lastKnownFileType = sourcecode.swift; path = RealEstateListingsUITests.swift; sourceTree = "<group>"; };
		BA21C6372593CD6E00F11DF6 /* Info.plist */ = {isa = PBXFileReference; lastKnownFileType = text.plist.xml; path = Info.plist; sourceTree = "<group>"; };
		BA21C6462593CE6300F11DF6 /* CardView.swift */ = {isa = PBXFileReference; lastKnownFileType = sourcecode.swift; path = CardView.swift; sourceTree = "<group>"; };
		BA7DB2D827D4B477005EA826 /* DetailView.swift */ = {isa = PBXFileReference; lastKnownFileType = sourcecode.swift; path = DetailView.swift; sourceTree = "<group>"; };
/* End PBXFileReference section */

/* Begin PBXFrameworksBuildPhase section */
		BA21C6122593CD6900F11DF6 /* Frameworks */ = {
			isa = PBXFrameworksBuildPhase;
			buildActionMask = 2147483647;
			files = (
			);
			runOnlyForDeploymentPostprocessing = 0;
		};
		BA21C6232593CD6E00F11DF6 /* Frameworks */ = {
			isa = PBXFrameworksBuildPhase;
			buildActionMask = 2147483647;
			files = (
			);
			runOnlyForDeploymentPostprocessing = 0;
		};
		BA21C62E2593CD6E00F11DF6 /* Frameworks */ = {
			isa = PBXFrameworksBuildPhase;
			buildActionMask = 2147483647;
			files = (
			);
			runOnlyForDeploymentPostprocessing = 0;
		};
/* End PBXFrameworksBuildPhase section */

/* Begin PBXGroup section */
		BA21C60C2593CD6900F11DF6 = {
			isa = PBXGroup;
			children = (
				BA21C6172593CD6900F11DF6 /* RealEstateListings */,
				BA21C6292593CD6E00F11DF6 /* RealEstateListingsTests */,
				BA21C6342593CD6E00F11DF6 /* RealEstateListingsUITests */,
				BA21C6162593CD6900F11DF6 /* Products */,
			);
			sourceTree = "<group>";
		};
		BA21C6162593CD6900F11DF6 /* Products */ = {
			isa = PBXGroup;
			children = (
				BA21C6152593CD6900F11DF6 /* RealEstateListings.app */,
				BA21C6262593CD6E00F11DF6 /* RealEstateListingsTests.xctest */,
				BA21C6312593CD6E00F11DF6 /* RealEstateListingsUITests.xctest */,
			);
			name = Products;
			sourceTree = "<group>";
		};
		BA21C6172593CD6900F11DF6 /* RealEstateListings */ = {
			isa = PBXGroup;
			children = (
				BA21C6182593CD6900F11DF6 /* RealEstateListingsApp.swift */,
				BA21C61A2593CD6900F11DF6 /* ContentView.swift */,
				BA21C61C2593CD6E00F11DF6 /* Assets.xcassets */,
				BA21C6212593CD6E00F11DF6 /* Info.plist */,
				BA21C61E2593CD6E00F11DF6 /* Preview Content */,
				BA21C6462593CE6300F11DF6 /* CardView.swift */,
				BA7DB2D827D4B477005EA826 /* DetailView.swift */,
			);
			path = RealEstateListings;
			sourceTree = "<group>";
		};
		BA21C61E2593CD6E00F11DF6 /* Preview Content */ = {
			isa = PBXGroup;
			children = (
				BA21C61F2593CD6E00F11DF6 /* Preview Assets.xcassets */,
			);
			path = "Preview Content";
			sourceTree = "<group>";
		};
		BA21C6292593CD6E00F11DF6 /* RealEstateListingsTests */ = {
			isa = PBXGroup;
			children = (
				BA21C62A2593CD6E00F11DF6 /* RealEstateListingsTests.swift */,
				BA21C62C2593CD6E00F11DF6 /* Info.plist */,
			);
			path = RealEstateListingsTests;
			sourceTree = "<group>";
		};
		BA21C6342593CD6E00F11DF6 /* RealEstateListingsUITests */ = {
			isa = PBXGroup;
			children = (
				BA21C6352593CD6E00F11DF6 /* RealEstateListingsUITests.swift */,
				BA21C6372593CD6E00F11DF6 /* Info.plist */,
			);
			path = RealEstateListingsUITests;
			sourceTree = "<group>";
		};
/* End PBXGroup section */

/* Begin PBXNativeTarget section */
		BA21C6142593CD6900F11DF6 /* RealEstateListings */ = {
			isa = PBXNativeTarget;
			buildConfigurationList = BA21C63A2593CD6E00F11DF6 /* Build configuration list for PBXNativeTarget "RealEstateListings" */;
			buildPhases = (
				BA21C6112593CD6900F11DF6 /* Sources */,
				BA21C6122593CD6900F11DF6 /* Frameworks */,
				BA21C6132593CD6900F11DF6 /* Resources */,
			);
			buildRules = (
			);
			dependencies = (
			);
			name = RealEstateListings;
			productName = RealEstateListings;
			productReference = BA21C6152593CD6900F11DF6 /* RealEstateListings.app */;
			productType = "com.apple.product-type.application";
		};
		BA21C6252593CD6E00F11DF6 /* RealEstateListingsTests */ = {
			isa = PBXNativeTarget;
			buildConfigurationList = BA21C63D2593CD6E00F11DF6 /* Build configuration list for PBXNativeTarget "RealEstateListingsTests" */;
			buildPhases = (
				BA21C6222593CD6E00F11DF6 /* Sources */,
				BA21C6232593CD6E00F11DF6 /* Frameworks */,
				BA21C6242593CD6E00F11DF6 /* Resources */,
			);
			buildRules = (
			);
			dependencies = (
				BA21C6282593CD6E00F11DF6 /* PBXTargetDependency */,
			);
			name = RealEstateListingsTests;
			productName = RealEstateListingsTests;
			productReference = BA21C6262593CD6E00F11DF6 /* RealEstateListingsTests.xctest */;
			productType = "com.apple.product-type.bundle.unit-test";
		};
		BA21C6302593CD6E00F11DF6 /* RealEstateListingsUITests */ = {
			isa = PBXNativeTarget;
			buildConfigurationList = BA21C6402593CD6E00F11DF6 /* Build configuration list for PBXNativeTarget "RealEstateListingsUITests" */;
			buildPhases = (
				BA21C62D2593CD6E00F11DF6 /* Sources */,
				BA21C62E2593CD6E00F11DF6 /* Frameworks */,
				BA21C62F2593CD6E00F11DF6 /* Resources */,
			);
			buildRules = (
			);
			dependencies = (
				BA21C6332593CD6E00F11DF6 /* PBXTargetDependency */,
			);
			name = RealEstateListingsUITests;
			productName = RealEstateListingsUITests;
			productReference = BA21C6312593CD6E00F11DF6 /* RealEstateListingsUITests.xctest */;
			productType = "com.apple.product-type.bundle.ui-testing";
		};
/* End PBXNativeTarget section */

/* Begin PBXProject section */
		BA21C60D2593CD6900F11DF6 /* Project object */ = {
			isa = PBXProject;
			attributes = {
				LastSwiftUpdateCheck = 1220;
				LastUpgradeCheck = 1220;
				TargetAttributes = {
					BA21C6142593CD6900F11DF6 = {
						CreatedOnToolsVersion = 12.2;
					};
					BA21C6252593CD6E00F11DF6 = {
						CreatedOnToolsVersion = 12.2;
						TestTargetID = BA21C6142593CD6900F11DF6;
					};
					BA21C6302593CD6E00F11DF6 = {
						CreatedOnToolsVersion = 12.2;
						TestTargetID = BA21C6142593CD6900F11DF6;
					};
				};
			};
			buildConfigurationList = BA21C6102593CD6900F11DF6 /* Build configuration list for PBXProject "RealEstateListings" */;
			compatibilityVersion = "Xcode 9.3";
			developmentRegion = en;
			hasScannedForEncodings = 0;
			knownRegions = (
				en,
				Base,
			);
			mainGroup = BA21C60C2593CD6900F11DF6;
			productRefGroup = BA21C6162593CD6900F11DF6 /* Products */;
			projectDirPath = "";
			projectRoot = "";
			targets = (
				BA21C6142593CD6900F11DF6 /* RealEstateListings */,
				BA21C6252593CD6E00F11DF6 /* RealEstateListingsTests */,
				BA21C6302593CD6E00F11DF6 /* RealEstateListingsUITests */,
			);
		};
/* End PBXProject section */

/* Begin PBXResourcesBuildPhase section */
		BA21C6132593CD6900F11DF6 /* Resources */ = {
			isa = PBXResourcesBuildPhase;
			buildActionMask = 2147483647;
			files = (
				BA21C6202593CD6E00F11DF6 /* Preview Assets.xcassets in Resources */,
				BA21C61D2593CD6E00F11DF6 /* Assets.xcassets in Resources */,
			);
			runOnlyForDeploymentPostprocessing = 0;
		};
		BA21C6242593CD6E00F11DF6 /* Resources */ = {
			isa = PBXResourcesBuildPhase;
			buildActionMask = 2147483647;
			files = (
			);
			runOnlyForDeploymentPostprocessing = 0;
		};
		BA21C62F2593CD6E00F11DF6 /* Resources */ = {
			isa = PBXResourcesBuildPhase;
			buildActionMask = 2147483647;
			files = (
			);
			runOnlyForDeploymentPostprocessing = 0;
		};
/* End PBXResourcesBuildPhase section */

/* Begin PBXSourcesBuildPhase section */
		BA21C6112593CD6900F11DF6 /* Sources */ = {
			isa = PBXSourcesBuildPhase;
			buildActionMask = 2147483647;
			files = (
				BA21C61B2593CD6900F11DF6 /* ContentView.swift in Sources */,
				BA7DB2D927D4B477005EA826 /* DetailView.swift in Sources */,
				BA21C6472593CE6300F11DF6 /* CardView.swift in Sources */,
				BA21C6192593CD6900F11DF6 /* RealEstateListingsApp.swift in Sources */,
			);
			runOnlyForDeploymentPostprocessing = 0;
		};
		BA21C6222593CD6E00F11DF6 /* Sources */ = {
			isa = PBXSourcesBuildPhase;
			buildActionMask = 2147483647;
			files = (
				BA21C62B2593CD6E00F11DF6 /* RealEstateListingsTests.swift in Sources */,
			);
			runOnlyForDeploymentPostprocessing = 0;
		};
		BA21C62D2593CD6E00F11DF6 /* Sources */ = {
			isa = PBXSourcesBuildPhase;
			buildActionMask = 2147483647;
			files = (
				BA21C6362593CD6E00F11DF6 /* RealEstateListingsUITests.swift in Sources */,
			);
			runOnlyForDeploymentPostprocessing = 0;
		};
/* End PBXSourcesBuildPhase section */

/* Begin PBXTargetDependency section */
		BA21C6282593CD6E00F11DF6 /* PBXTargetDependency */ = {
			isa = PBXTargetDependency;
			target = BA21C6142593CD6900F11DF6 /* RealEstateListings */;
			targetProxy = BA21C6272593CD6E00F11DF6 /* PBXContainerItemProxy */;
		};
		BA21C6332593CD6E00F11DF6 /* PBXTargetDependency */ = {
			isa = PBXTargetDependency;
			target = BA21C6142593CD6900F11DF6 /* RealEstateListings */;
			targetProxy = BA21C6322593CD6E00F11DF6 /* PBXContainerItemProxy */;
		};
/* End PBXTargetDependency section */

/* Begin XCBuildConfiguration section */
		BA21C6382593CD6E00F11DF6 /* Debug */ = {
			isa = XCBuildConfiguration;
			buildSettings = {
				ALWAYS_SEARCH_USER_PATHS = NO;
				CLANG_ANALYZER_NONNULL = YES;
				CLANG_ANALYZER_NUMBER_OBJECT_CONVERSION = YES_AGGRESSIVE;
				CLANG_CXX_LANGUAGE_STANDARD = "gnu++14";
				CLANG_CXX_LIBRARY = "libc++";
				CLANG_ENABLE_MODULES = YES;
				CLANG_ENABLE_OBJC_ARC = YES;
				CLANG_ENABLE_OBJC_WEAK = YES;
				CLANG_WARN_BLOCK_CAPTURE_AUTORELEASING = YES;
				CLANG_WARN_BOOL_CONVERSION = YES;
				CLANG_WARN_COMMA = YES;
				CLANG_WARN_CONSTANT_CONVERSION = YES;
				CLANG_WARN_DEPRECATED_OBJC_IMPLEMENTATIONS = YES;
				CLANG_WARN_DIRECT_OBJC_ISA_USAGE = YES_ERROR;
				CLANG_WARN_DOCUMENTATION_COMMENTS = YES;
				CLANG_WARN_EMPTY_BODY = YES;
				CLANG_WARN_ENUM_CONVERSION = YES;
				CLANG_WARN_INFINITE_RECURSION = YES;
				CLANG_WARN_INT_CONVERSION = YES;
				CLANG_WARN_NON_LITERAL_NULL_CONVERSION = YES;
				CLANG_WARN_OBJC_IMPLICIT_RETAIN_SELF = YES;
				CLANG_WARN_OBJC_LITERAL_CONVERSION = YES;
				CLANG_WARN_OBJC_ROOT_CLASS = YES_ERROR;
				CLANG_WARN_QUOTED_INCLUDE_IN_FRAMEWORK_HEADER = YES;
				CLANG_WARN_RANGE_LOOP_ANALYSIS = YES;
				CLANG_WARN_STRICT_PROTOTYPES = YES;
				CLANG_WARN_SUSPICIOUS_MOVE = YES;
				CLANG_WARN_UNGUARDED_AVAILABILITY = YES_AGGRESSIVE;
				CLANG_WARN_UNREACHABLE_CODE = YES;
				CLANG_WARN__DUPLICATE_METHOD_MATCH = YES;
				COPY_PHASE_STRIP = NO;
				DEBUG_INFORMATION_FORMAT = dwarf;
				ENABLE_STRICT_OBJC_MSGSEND = YES;
				ENABLE_TESTABILITY = YES;
				GCC_C_LANGUAGE_STANDARD = gnu11;
				GCC_DYNAMIC_NO_PIC = NO;
				GCC_NO_COMMON_BLOCKS = YES;
				GCC_OPTIMIZATION_LEVEL = 0;
				GCC_PREPROCESSOR_DEFINITIONS = (
					"DEBUG=1",
					"$(inherited)",
				);
				GCC_WARN_64_TO_32_BIT_CONVERSION = YES;
				GCC_WARN_ABOUT_RETURN_TYPE = YES_ERROR;
				GCC_WARN_UNDECLARED_SELECTOR = YES;
				GCC_WARN_UNINITIALIZED_AUTOS = YES_AGGRESSIVE;
				GCC_WARN_UNUSED_FUNCTION = YES;
				GCC_WARN_UNUSED_VARIABLE = YES;
				IPHONEOS_DEPLOYMENT_TARGET = 14.2;
				MTL_ENABLE_DEBUG_INFO = INCLUDE_SOURCE;
				MTL_FAST_MATH = YES;
				ONLY_ACTIVE_ARCH = YES;
				SDKROOT = iphoneos;
				SWIFT_ACTIVE_COMPILATION_CONDITIONS = DEBUG;
				SWIFT_OPTIMIZATION_LEVEL = "-Onone";
			};
			name = Debug;
		};
		BA21C6392593CD6E00F11DF6 /* Release */ = {
			isa = XCBuildConfiguration;
			buildSettings = {
				ALWAYS_SEARCH_USER_PATHS = NO;
				CLANG_ANALYZER_NONNULL = YES;
				CLANG_ANALYZER_NUMBER_OBJECT_CONVERSION = YES_AGGRESSIVE;
				CLANG_CXX_LANGUAGE_STANDARD = "gnu++14";
				CLANG_CXX_LIBRARY = "libc++";
				CLANG_ENABLE_MODULES = YES;
				CLANG_ENABLE_OBJC_ARC = YES;
				CLANG_ENABLE_OBJC_WEAK = YES;
				CLANG_WARN_BLOCK_CAPTURE_AUTORELEASING = YES;
				CLANG_WARN_BOOL_CONVERSION = YES;
				CLANG_WARN_COMMA = YES;
				CLANG_WARN_CONSTANT_CONVERSION = YES;
				CLANG_WARN_DEPRECATED_OBJC_IMPLEMENTATIONS = YES;
				CLANG_WARN_DIRECT_OBJC_ISA_USAGE = YES_ERROR;
				CLANG_WARN_DOCUMENTATION_COMMENTS = YES;
				CLANG_WARN_EMPTY_BODY = YES;
				CLANG_WARN_ENUM_CONVERSION = YES;
				CLANG_WARN_INFINITE_RECURSION = YES;
				CLANG_WARN_INT_CONVERSION = YES;
				CLANG_WARN_NON_LITERAL_NULL_CONVERSION = YES;
				CLANG_WARN_OBJC_IMPLICIT_RETAIN_SELF = YES;
				CLANG_WARN_OBJC_LITERAL_CONVERSION = YES;
				CLANG_WARN_OBJC_ROOT_CLASS = YES_ERROR;
				CLANG_WARN_QUOTED_INCLUDE_IN_FRAMEWORK_HEADER = YES;
				CLANG_WARN_RANGE_LOOP_ANALYSIS = YES;
				CLANG_WARN_STRICT_PROTOTYPES = YES;
				CLANG_WARN_SUSPICIOUS_MOVE = YES;
				CLANG_WARN_UNGUARDED_AVAILABILITY = YES_AGGRESSIVE;
				CLANG_WARN_UNREACHABLE_CODE = YES;
				CLANG_WARN__DUPLICATE_METHOD_MATCH = YES;
				COPY_PHASE_STRIP = NO;
				DEBUG_INFORMATION_FORMAT = "dwarf-with-dsym";
				ENABLE_NS_ASSERTIONS = NO;
				ENABLE_STRICT_OBJC_MSGSEND = YES;
				GCC_C_LANGUAGE_STANDARD = gnu11;
				GCC_NO_COMMON_BLOCKS = YES;
				GCC_WARN_64_TO_32_BIT_CONVERSION = YES;
				GCC_WARN_ABOUT_RETURN_TYPE = YES_ERROR;
				GCC_WARN_UNDECLARED_SELECTOR = YES;
				GCC_WARN_UNINITIALIZED_AUTOS = YES_AGGRESSIVE;
				GCC_WARN_UNUSED_FUNCTION = YES;
				GCC_WARN_UNUSED_VARIABLE = YES;
				IPHONEOS_DEPLOYMENT_TARGET = 14.2;
				MTL_ENABLE_DEBUG_INFO = NO;
				MTL_FAST_MATH = YES;
				SDKROOT = iphoneos;
				SWIFT_COMPILATION_MODE = wholemodule;
				SWIFT_OPTIMIZATION_LEVEL = "-O";
				VALIDATE_PRODUCT = YES;
			};
			name = Release;
		};
		BA21C63B2593CD6E00F11DF6 /* Debug */ = {
			isa = XCBuildConfiguration;
			buildSettings = {
				ASSETCATALOG_COMPILER_APPICON_NAME = AppIcon;
				ASSETCATALOG_COMPILER_GLOBAL_ACCENT_COLOR_NAME = AccentColor;
				CODE_SIGN_STYLE = Automatic;
				DEVELOPMENT_ASSET_PATHS = "\"RealEstateListings/Preview Content\"";
				DEVELOPMENT_TEAM = 6BUS3U45C2;
				ENABLE_PREVIEWS = YES;
				INFOPLIST_FILE = RealEstateListings/Info.plist;
				IPHONEOS_DEPLOYMENT_TARGET = 14.0;
				LD_RUNPATH_SEARCH_PATHS = (
					"$(inherited)",
					"@executable_path/Frameworks",
				);
				PRODUCT_BUNDLE_IDENTIFIER = com.espalhar.RealEstateListings;
				PRODUCT_NAME = "$(TARGET_NAME)";
				SWIFT_VERSION = 5.0;
				TARGETED_DEVICE_FAMILY = "1,2";
			};
			name = Debug;
		};
		BA21C63C2593CD6E00F11DF6 /* Release */ = {
			isa = XCBuildConfiguration;
			buildSettings = {
				ASSETCATALOG_COMPILER_APPICON_NAME = AppIcon;
				ASSETCATALOG_COMPILER_GLOBAL_ACCENT_COLOR_NAME = AccentColor;
				CODE_SIGN_STYLE = Automatic;
				DEVELOPMENT_ASSET_PATHS = "\"RealEstateListings/Preview Content\"";
				DEVELOPMENT_TEAM = 6BUS3U45C2;
				ENABLE_PREVIEWS = YES;
				INFOPLIST_FILE = RealEstateListings/Info.plist;
				IPHONEOS_DEPLOYMENT_TARGET = 14.0;
				LD_RUNPATH_SEARCH_PATHS = (
					"$(inherited)",
					"@executable_path/Frameworks",
				);
				PRODUCT_BUNDLE_IDENTIFIER = com.espalhar.RealEstateListings;
				PRODUCT_NAME = "$(TARGET_NAME)";
				SWIFT_VERSION = 5.0;
				TARGETED_DEVICE_FAMILY = "1,2";
			};
			name = Release;
		};
		BA21C63E2593CD6E00F11DF6 /* Debug */ = {
			isa = XCBuildConfiguration;
			buildSettings = {
				ALWAYS_EMBED_SWIFT_STANDARD_LIBRARIES = YES;
				BUNDLE_LOADER = "$(TEST_HOST)";
				CODE_SIGN_STYLE = Automatic;
				DEVELOPMENT_TEAM = 6BUS3U45C2;
				INFOPLIST_FILE = RealEstateListingsTests/Info.plist;
				IPHONEOS_DEPLOYMENT_TARGET = 14.0;
				LD_RUNPATH_SEARCH_PATHS = (
					"$(inherited)",
					"@executable_path/Frameworks",
					"@loader_path/Frameworks",
				);
				PRODUCT_BUNDLE_IDENTIFIER = com.espalhar.RealEstateListingsTests;
				PRODUCT_NAME = "$(TARGET_NAME)";
				SWIFT_VERSION = 5.0;
				TARGETED_DEVICE_FAMILY = "1,2";
				TEST_HOST = "$(BUILT_PRODUCTS_DIR)/RealEstateListings.app/RealEstateListings";
			};
			name = Debug;
		};
		BA21C63F2593CD6E00F11DF6 /* Release */ = {
			isa = XCBuildConfiguration;
			buildSettings = {
				ALWAYS_EMBED_SWIFT_STANDARD_LIBRARIES = YES;
				BUNDLE_LOADER = "$(TEST_HOST)";
				CODE_SIGN_STYLE = Automatic;
				DEVELOPMENT_TEAM = 6BUS3U45C2;
				INFOPLIST_FILE = RealEstateListingsTests/Info.plist;
				IPHONEOS_DEPLOYMENT_TARGET = 14.0;
				LD_RUNPATH_SEARCH_PATHS = (
					"$(inherited)",
					"@executable_path/Frameworks",
					"@loader_path/Frameworks",
				);
				PRODUCT_BUNDLE_IDENTIFIER = com.espalhar.RealEstateListingsTests;
				PRODUCT_NAME = "$(TARGET_NAME)";
				SWIFT_VERSION = 5.0;
				TARGETED_DEVICE_FAMILY = "1,2";
				TEST_HOST = "$(BUILT_PRODUCTS_DIR)/RealEstateListings.app/RealEstateListings";
			};
			name = Release;
		};
		BA21C6412593CD6E00F11DF6 /* Debug */ = {
			isa = XCBuildConfiguration;
			buildSettings = {
				ALWAYS_EMBED_SWIFT_STANDARD_LIBRARIES = YES;
				CODE_SIGN_STYLE = Automatic;
				DEVELOPMENT_TEAM = 6BUS3U45C2;
				INFOPLIST_FILE = RealEstateListingsUITests/Info.plist;
				LD_RUNPATH_SEARCH_PATHS = (
					"$(inherited)",
					"@executable_path/Frameworks",
					"@loader_path/Frameworks",
				);
				PRODUCT_BUNDLE_IDENTIFIER = com.espalhar.RealEstateListingsUITests;
				PRODUCT_NAME = "$(TARGET_NAME)";
				SWIFT_VERSION = 5.0;
				TARGETED_DEVICE_FAMILY = "1,2";
				TEST_TARGET_NAME = RealEstateListings;
			};
			name = Debug;
		};
		BA21C6422593CD6E00F11DF6 /* Release */ = {
			isa = XCBuildConfiguration;
			buildSettings = {
				ALWAYS_EMBED_SWIFT_STANDARD_LIBRARIES = YES;
				CODE_SIGN_STYLE = Automatic;
				DEVELOPMENT_TEAM = 6BUS3U45C2;
				INFOPLIST_FILE = RealEstateListingsUITests/Info.plist;
				LD_RUNPATH_SEARCH_PATHS = (
					"$(inherited)",
					"@executable_path/Frameworks",
					"@loader_path/Frameworks",
				);
				PRODUCT_BUNDLE_IDENTIFIER = com.espalhar.RealEstateListingsUITests;
				PRODUCT_NAME = "$(TARGET_NAME)";
				SWIFT_VERSION = 5.0;
				TARGETED_DEVICE_FAMILY = "1,2";
				TEST_TARGET_NAME = RealEstateListings;
			};
			name = Release;
		};
/* End XCBuildConfiguration section */

/* Begin XCConfigurationList section */
		BA21C6102593CD6900F11DF6 /* Build configuration list for PBXProject "RealEstateListings" */ = {
			isa = XCConfigurationList;
			buildConfigurations = (
				BA21C6382593CD6E00F11DF6 /* Debug */,
				BA21C6392593CD6E00F11DF6 /* Release */,
			);
			defaultConfigurationIsVisible = 0;
			defaultConfigurationName = Release;
		};
		BA21C63A2593CD6E00F11DF6 /* Build configuration list for PBXNativeTarget "RealEstateListings" */ = {
			isa = XCConfigurationList;
			buildConfigurations = (
				BA21C63B2593CD6E00F11DF6 /* Debug */,
				BA21C63C2593CD6E00F11DF6 /* Release */,
			);
			defaultConfigurationIsVisible = 0;
			defaultConfigurationName = Release;
		};
		BA21C63D2593CD6E00F11DF6 /* Build configuration list for PBXNativeTarget "RealEstateListingsTests" */ = {
			isa = XCConfigurationList;
			buildConfigurations = (
				BA21C63E2593CD6E00F11DF6 /* Debug */,
				BA21C63F2593CD6E00F11DF6 /* Release */,
			);
			defaultConfigurationIsVisible = 0;
			defaultConfigurationName = Release;
		};
		BA21C6402593CD6E00F11DF6 /* Build configuration list for PBXNativeTarget "RealEstateListingsUITests" */ = {
			isa = XCConfigurationList;
			buildConfigurations = (
				BA21C6412593CD6E00F11DF6 /* Debug */,
				BA21C6422593CD6E00F11DF6 /* Release */,
			);
			defaultConfigurationIsVisible = 0;
			defaultConfigurationName = Release;
		};
/* End XCConfigurationList section */
	};
	rootObject = BA21C60D2593CD6900F11DF6 /* Project object */;
}
