// !$*UTF8*$!
{
	archiveVersion = 1;
	classes = {
	};
	objectVersion = 51;
	objects = {

/* Begin PBXBuildFile section */
		2709B90D0F3E576AD2D0D104 /* Pods_RealEstateListings.framework in Frameworks */ = {isa = PBXBuildFile; fileRef = 01053DA52FCDEF35F9F2AE3C /* Pods_RealEstateListings.framework */; };
		5932F5B67BCC07E564EFB7E4 /* Pods_RealEstateListingsTests.framework in Frameworks */ = {isa = PBXBuildFile; fileRef = B12A08AF0BBD4F9F01366A33 /* Pods_RealEstateListingsTests.framework */; };
		6C35DB806FEF41FE74FC2045 /* Pods_RealEstateListings_RealEstateListingsUITests.framework in Frameworks */ = {isa = PBXBuildFile; fileRef = FD137D93129A26319D0A4B23 /* Pods_RealEstateListings_RealEstateListingsUITests.framework */; };
		BA21C6192593CD6900F11DF6 /* RealEstateListingsApp.swift in Sources */ = {isa = PBXBuildFile; fileRef = BA21C6182593CD6900F11DF6 /* RealEstateListingsApp.swift */; };
		BA21C61B2593CD6900F11DF6 /* ContentView.swift in Sources */ = {isa = PBXBuildFile; fileRef = BA21C61A2593CD6900F11DF6 /* ContentView.swift */; };
		BA21C61D2593CD6E00F11DF6 /* Assets.xcassets in Resources */ = {isa = PBXBuildFile; fileRef = BA21C61C2593CD6E00F11DF6 /* Assets.xcassets */; };
		BA21C6202593CD6E00F11DF6 /* Preview Assets.xcassets in Resources */ = {isa = PBXBuildFile; fileRef = BA21C61F2593CD6E00F11DF6 /* Preview Assets.xcassets */; };
		BA21C62B2593CD6E00F11DF6 /* RealEstateListingsTests.swift in Sources */ = {isa = PBXBuildFile; fileRef = BA21C62A2593CD6E00F11DF6 /* RealEstateListingsTests.swift */; };
		BA21C6362593CD6E00F11DF6 /* RealEstateListingsUITests.swift in Sources */ = {isa = PBXBuildFile; fileRef = BA21C6352593CD6E00F11DF6 /* RealEstateListingsUITests.swift */; };
		BA21C6472593CE6300F11DF6 /* CardView.swift in Sources */ = {isa = PBXBuildFile; fileRef = BA21C6462593CE6300F11DF6 /* CardView.swift */; };
		BA2452572594741300FBCD7E /* RealmSwift.swift in Sources */ = {isa = PBXBuildFile; fileRef = BA2452562594741300FBCD7E /* RealmSwift.swift */; };
		BAF42DD6259442C00011F9CE /* DetailView.swift in Sources */ = {isa = PBXBuildFile; fileRef = BAF42DD5259442C00011F9CE /* DetailView.swift */; };
/* End PBXBuildFile section */

/* Begin PBXContainerItemProxy section */
		BA21C6272593CD6E00F11DF6 /* PBXContainerItemProxy */ = {
			isa = PBXContainerItemProxy;
			containerPortal = BA21C60D2593CD6900F11DF6 /* Project object */;
			proxyType = 1;
			remoteGlobalIDString = BA21C6142593CD6900F11DF6;
			remoteInfo = RealEstateListings;
		};
		BA21C6322593CD6E00F11DF6 /* PBXContainerItemProxy */ = {
			isa = PBXContainerItemProxy;
			containerPortal = BA21C60D2593CD6900F11DF6 /* Project object */;
			proxyType = 1;
			remoteGlobalIDString = BA21C6142593CD6900F11DF6;
			remoteInfo = RealEstateListings;
		};
/* End PBXContainerItemProxy section */

/* Begin PBXFileReference section */
		01053DA52FCDEF35F9F2AE3C /* Pods_RealEstateListings.framework */ = {isa = PBXFileReference; explicitFileType = wrapper.framework; includeInIndex = 0; path = Pods_RealEstateListings.framework; sourceTree = BUILT_PRODUCTS_DIR; };
		09BBD39234A0ADBEC0733FAD /* Pods-RealEstateListings.debug.xcconfig */ = {isa = PBXFileReference; includeInIndex = 1; lastKnownFileType = text.xcconfig; name = "Pods-RealEstateListings.debug.xcconfig"; path = "Target Support Files/Pods-RealEstateListings/Pods-RealEstateListings.debug.xcconfig"; sourceTree = "<group>"; };
		3920B98A04F26B3302469B22 /* Pods-RealEstateListings-RealEstateListingsUITests.debug.xcconfig */ = {isa = PBXFileReference; includeInIndex = 1; lastKnownFileType = text.xcconfig; name = "Pods-RealEstateListings-RealEstateListingsUITests.debug.xcconfig"; path = "Target Support Files/Pods-RealEstateListings-RealEstateListingsUITests/Pods-RealEstateListings-RealEstateListingsUITests.debug.xcconfig"; sourceTree = "<group>"; };
		865C159308919472A6775BC2 /* Pods-RealEstateListingsTests.debug.xcconfig */ = {isa = PBXFileReference; includeInIndex = 1; lastKnownFileType = text.xcconfig; name = "Pods-RealEstateListingsTests.debug.xcconfig"; path = "Target Support Files/Pods-RealEstateListingsTests/Pods-RealEstateListingsTests.debug.xcconfig"; sourceTree = "<group>"; };
		9F1CEC2CF97D78ACE0F9C699 /* Pods-RealEstateListings-RealEstateListingsUITests.release.xcconfig */ = {isa = PBXFileReference; includeInIndex = 1; lastKnownFileType = text.xcconfig; name = "Pods-RealEstateListings-RealEstateListingsUITests.release.xcconfig"; path = "Target Support Files/Pods-RealEstateListings-RealEstateListingsUITests/Pods-RealEstateListings-RealEstateListingsUITests.release.xcconfig"; sourceTree = "<group>"; };
		B12A08AF0BBD4F9F01366A33 /* Pods_RealEstateListingsTests.framework */ = {isa = PBXFileReference; explicitFileType = wrapper.framework; includeInIndex = 0; path = Pods_RealEstateListingsTests.framework; sourceTree = BUILT_PRODUCTS_DIR; };
		BA21C6152593CD6900F11DF6 /* RealEstateListings.app */ = {isa = PBXFileReference; explicitFileType = wrapper.application; includeInIndex = 0; path = RealEstateListings.app; sourceTree = BUILT_PRODUCTS_DIR; };
		BA21C6182593CD6900F11DF6 /* RealEstateListingsApp.swift */ = {isa = PBXFileReference; lastKnownFileType = sourcecode.swift; path = RealEstateListingsApp.swift; sourceTree = "<group>"; };
		BA21C61A2593CD6900F11DF6 /* ContentView.swift */ = {isa = PBXFileReference; lastKnownFileType = sourcecode.swift; path = ContentView.swift; sourceTree = "<group>"; };
		BA21C61C2593CD6E00F11DF6 /* Assets.xcassets */ = {isa = PBXFileReference; lastKnownFileType = folder.assetcatalog; path = Assets.xcassets; sourceTree = "<group>"; };
		BA21C61F2593CD6E00F11DF6 /* Preview Assets.xcassets */ = {isa = PBXFileReference; lastKnownFileType = folder.assetcatalog; path = "Preview Assets.xcassets"; sourceTree = "<group>"; };
		BA21C6212593CD6E00F11DF6 /* Info.plist */ = {isa = PBXFileReference; lastKnownFileType = text.plist.xml; path = Info.plist; sourceTree = "<group>"; };
		BA21C6262593CD6E00F11DF6 /* RealEstateListingsTests.xctest */ = {isa = PBXFileReference; explicitFileType = wrapper.cfbundle; includeInIndex = 0; path = RealEstateListingsTests.xctest; sourceTree = BUILT_PRODUCTS_DIR; };
		BA21C62A2593CD6E00F11DF6 /* RealEstateListingsTests.swift */ = {isa = PBXFileReference; lastKnownFileType = sourcecode.swift; path = RealEstateListingsTests.swift; sourceTree = "<group>"; };
		BA21C62C2593CD6E00F11DF6 /* Info.plist */ = {isa = PBXFileReference; lastKnownFileType = text.plist.xml; path = Info.plist; sourceTree = "<group>"; };
		BA21C6312593CD6E00F11DF6 /* RealEstateListingsUITests.xctest */ = {isa = PBXFileReference; explicitFileType = wrapper.cfbundle; includeInIndex = 0; path = RealEstateListingsUITests.xctest; sourceTree = BUILT_PRODUCTS_DIR; };
		BA21C6352593CD6E00F11DF6 /* RealEstateListingsUITests.swift */ = {isa = PBXFileReference; lastKnownFileType = sourcecode.swift; path = RealEstateListingsUITests.swift; sourceTree = "<group>"; };
		BA21C6372593CD6E00F11DF6 /* Info.plist */ = {isa = PBXFileReference; lastKnownFileType = text.plist.xml; path = Info.plist; sourceTree = "<group>"; };
		BA21C6462593CE6300F11DF6 /* CardView.swift */ = {isa = PBXFileReference; lastKnownFileType = sourcecode.swift; path = CardView.swift; sourceTree = "<group>"; };
		BA2452562594741300FBCD7E /* RealmSwift.swift */ = {isa = PBXFileReference; lastKnownFileType = sourcecode.swift; path = RealmSwift.swift; sourceTree = "<group>"; };
		BAF42DD5259442C00011F9CE /* DetailView.swift */ = {isa = PBXFileReference; lastKnownFileType = sourcecode.swift; path = DetailView.swift; sourceTree = "<group>"; };
		CC5941912AB253F6B3B39046 /* Pods-RealEstateListingsTests.release.xcconfig */ = {isa = PBXFileReference; includeInIndex = 1; lastKnownFileType = text.xcconfig; name = "Pods-RealEstateListingsTests.release.xcconfig"; path = "Target Support Files/Pods-RealEstateListingsTests/Pods-RealEstateListingsTests.release.xcconfig"; sourceTree = "<group>"; };
		D07A13B02775910E35A2C65D /* Pods-RealEstateListings.release.xcconfig */ = {isa = PBXFileReference; includeInIndex = 1; lastKnownFileType = text.xcconfig; name = "Pods-RealEstateListings.release.xcconfig"; path = "Target Support Files/Pods-RealEstateListings/Pods-RealEstateListings.release.xcconfig"; sourceTree = "<group>"; };
		FD137D93129A26319D0A4B23 /* Pods_RealEstateListings_RealEstateListingsUITests.framework */ = {isa = PBXFileReference; explicitFileType = wrapper.framework; includeInIndex = 0; path = Pods_RealEstateListings_RealEstateListingsUITests.framework; sourceTree = BUILT_PRODUCTS_DIR; };
/* End PBXFileReference section */

/* Begin PBXFrameworksBuildPhase section */
		BA21C6122593CD6900F11DF6 /* Frameworks */ = {
			isa = PBXFrameworksBuildPhase;
			buildActionMask = 2147483647;
			files = (
				2709B90D0F3E576AD2D0D104 /* Pods_RealEstateListings.framework in Frameworks */,
			);
			runOnlyForDeploymentPostprocessing = 0;
		};
		BA21C6232593CD6E00F11DF6 /* Frameworks */ = {
			isa = PBXFrameworksBuildPhase;
			buildActionMask = 2147483647;
			files = (
				5932F5B67BCC07E564EFB7E4 /* Pods_RealEstateListingsTests.framework in Frameworks */,
			);
			runOnlyForDeploymentPostprocessing = 0;
		};
		BA21C62E2593CD6E00F11DF6 /* Frameworks */ = {
			isa = PBXFrameworksBuildPhase;
			buildActionMask = 2147483647;
			files = (
				6C35DB806FEF41FE74FC2045 /* Pods_RealEstateListings_RealEstateListingsUITests.framework in Frameworks */,
			);
			runOnlyForDeploymentPostprocessing = 0;
		};
/* End PBXFrameworksBuildPhase section */

/* Begin PBXGroup section */
		546ED07D8B101DBC0AF95CFF /* Pods */ = {
			isa = PBXGroup;
			children = (
				09BBD39234A0ADBEC0733FAD /* Pods-RealEstateListings.debug.xcconfig */,
				D07A13B02775910E35A2C65D /* Pods-RealEstateListings.release.xcconfig */,
				3920B98A04F26B3302469B22 /* Pods-RealEstateListings-RealEstateListingsUITests.debug.xcconfig */,
				9F1CEC2CF97D78ACE0F9C699 /* Pods-RealEstateListings-RealEstateListingsUITests.release.xcconfig */,
				865C159308919472A6775BC2 /* Pods-RealEstateListingsTests.debug.xcconfig */,
				CC5941912AB253F6B3B39046 /* Pods-RealEstateListingsTests.release.xcconfig */,
			);
			path = Pods;
			sourceTree = "<group>";
		};
		6FE1DF73483FC532D278BB20 /* Frameworks */ = {
			isa = PBXGroup;
			children = (
				01053DA52FCDEF35F9F2AE3C /* Pods_RealEstateListings.framework */,
				FD137D93129A26319D0A4B23 /* Pods_RealEstateListings_RealEstateListingsUITests.framework */,
				B12A08AF0BBD4F9F01366A33 /* Pods_RealEstateListingsTests.framework */,
			);
			name = Frameworks;
			sourceTree = "<group>";
		};
		BA21C60C2593CD6900F11DF6 = {
			isa = PBXGroup;
			children = (
				BA21C6172593CD6900F11DF6 /* RealEstateListings */,
				BA21C6292593CD6E00F11DF6 /* RealEstateListingsTests */,
				BA21C6342593CD6E00F11DF6 /* RealEstateListingsUITests */,
				BA21C6162593CD6900F11DF6 /* Products */,
				546ED07D8B101DBC0AF95CFF /* Pods */,
				6FE1DF73483FC532D278BB20 /* Frameworks */,
			);
			sourceTree = "<group>";
		};
		BA21C6162593CD6900F11DF6 /* Products */ = {
			isa = PBXGroup;
			children = (
				BA21C6152593CD6900F11DF6 /* RealEstateListings.app */,
				BA21C6262593CD6E00F11DF6 /* RealEstateListingsTests.xctest */,
				BA21C6312593CD6E00F11DF6 /* RealEstateListingsUITests.xctest */,
			);
			name = Products;
			sourceTree = "<group>";
		};
		BA21C6172593CD6900F11DF6 /* RealEstateListings */ = {
			isa = PBXGroup;
			children = (
				BA21C6182593CD6900F11DF6 /* RealEstateListingsApp.swift */,
				BA21C61A2593CD6900F11DF6 /* ContentView.swift */,
				BA21C61C2593CD6E00F11DF6 /* Assets.xcassets */,
				BA21C6212593CD6E00F11DF6 /* Info.plist */,
				BA21C61E2593CD6E00F11DF6 /* Preview Content */,
				BA21C6462593CE6300F11DF6 /* CardView.swift */,
				BAF42DD5259442C00011F9CE /* DetailView.swift */,
				BA2452562594741300FBCD7E /* RealmSwift.swift */,
			);
			path = RealEstateListings;
			sourceTree = "<group>";
		};
		BA21C61E2593CD6E00F11DF6 /* Preview Content */ = {
			isa = PBXGroup;
			children = (
				BA21C61F2593CD6E00F11DF6 /* Preview Assets.xcassets */,
			);
			path = "Preview Content";
			sourceTree = "<group>";
		};
		BA21C6292593CD6E00F11DF6 /* RealEstateListingsTests */ = {
			isa = PBXGroup;
			children = (
				BA21C62A2593CD6E00F11DF6 /* RealEstateListingsTests.swift */,
				BA21C62C2593CD6E00F11DF6 /* Info.plist */,
			);
			path = RealEstateListingsTests;
			sourceTree = "<group>";
		};
		BA21C6342593CD6E00F11DF6 /* RealEstateListingsUITests */ = {
			isa = PBXGroup;
			children = (
				BA21C6352593CD6E00F11DF6 /* RealEstateListingsUITests.swift */,
				BA21C6372593CD6E00F11DF6 /* Info.plist */,
			);
			path = RealEstateListingsUITests;
			sourceTree = "<group>";
		};
/* End PBXGroup section */

/* Begin PBXNativeTarget section */
		BA21C6142593CD6900F11DF6 /* RealEstateListings */ = {
			isa = PBXNativeTarget;
			buildConfigurationList = BA21C63A2593CD6E00F11DF6 /* Build configuration list for PBXNativeTarget "RealEstateListings" */;
			buildPhases = (
				BFC970C03C4920A7D8266D28 /* [CP] Check Pods Manifest.lock */,
				BA21C6112593CD6900F11DF6 /* Sources */,
				BA21C6122593CD6900F11DF6 /* Frameworks */,
				BA21C6132593CD6900F11DF6 /* Resources */,
				E094542A52A32A57A7440F80 /* [CP] Embed Pods Frameworks */,
			);
			buildRules = (
			);
			dependencies = (
			);
			name = RealEstateListings;
			productName = RealEstateListings;
			productReference = BA21C6152593CD6900F11DF6 /* RealEstateListings.app */;
			productType = "com.apple.product-type.application";
		};
		BA21C6252593CD6E00F11DF6 /* RealEstateListingsTests */ = {
			isa = PBXNativeTarget;
			buildConfigurationList = BA21C63D2593CD6E00F11DF6 /* Build configuration list for PBXNativeTarget "RealEstateListingsTests" */;
			buildPhases = (
				9ABD0D85B49DBFCC40CE01BF /* [CP] Check Pods Manifest.lock */,
				BA21C6222593CD6E00F11DF6 /* Sources */,
				BA21C6232593CD6E00F11DF6 /* Frameworks */,
				BA21C6242593CD6E00F11DF6 /* Resources */,
			);
			buildRules = (
			);
			dependencies = (
				BA21C6282593CD6E00F11DF6 /* PBXTargetDependency */,
			);
			name = RealEstateListingsTests;
			productName = RealEstateListingsTests;
			productReference = BA21C6262593CD6E00F11DF6 /* RealEstateListingsTests.xctest */;
			productType = "com.apple.product-type.bundle.unit-test";
		};
		BA21C6302593CD6E00F11DF6 /* RealEstateListingsUITests */ = {
			isa = PBXNativeTarget;
			buildConfigurationList = BA21C6402593CD6E00F11DF6 /* Build configuration list for PBXNativeTarget "RealEstateListingsUITests" */;
			buildPhases = (
				EE574E62137F71F1B7452DEE /* [CP] Check Pods Manifest.lock */,
				BA21C62D2593CD6E00F11DF6 /* Sources */,
				BA21C62E2593CD6E00F11DF6 /* Frameworks */,
				BA21C62F2593CD6E00F11DF6 /* Resources */,
				90B47551816B28A98CF3F766 /* [CP] Embed Pods Frameworks */,
			);
			buildRules = (
			);
			dependencies = (
				BA21C6332593CD6E00F11DF6 /* PBXTargetDependency */,
			);
			name = RealEstateListingsUITests;
			productName = RealEstateListingsUITests;
			productReference = BA21C6312593CD6E00F11DF6 /* RealEstateListingsUITests.xctest */;
			productType = "com.apple.product-type.bundle.ui-testing";
		};
/* End PBXNativeTarget section */

/* Begin PBXProject section */
		BA21C60D2593CD6900F11DF6 /* Project object */ = {
			isa = PBXProject;
			attributes = {
				LastSwiftUpdateCheck = 1220;
				LastUpgradeCheck = 1220;
				TargetAttributes = {
					BA21C6142593CD6900F11DF6 = {
						CreatedOnToolsVersion = 12.2;
					};
					BA21C6252593CD6E00F11DF6 = {
						CreatedOnToolsVersion = 12.2;
						TestTargetID = BA21C6142593CD6900F11DF6;
					};
					BA21C6302593CD6E00F11DF6 = {
						CreatedOnToolsVersion = 12.2;
						TestTargetID = BA21C6142593CD6900F11DF6;
					};
				};
			};
			buildConfigurationList = BA21C6102593CD6900F11DF6 /* Build configuration list for PBXProject "RealEstateListings" */;
			compatibilityVersion = "Xcode 9.3";
			developmentRegion = en;
			hasScannedForEncodings = 0;
			knownRegions = (
				en,
				Base,
			);
			mainGroup = BA21C60C2593CD6900F11DF6;
			productRefGroup = BA21C6162593CD6900F11DF6 /* Products */;
			projectDirPath = "";
			projectRoot = "";
			targets = (
				BA21C6142593CD6900F11DF6 /* RealEstateListings */,
				BA21C6252593CD6E00F11DF6 /* RealEstateListingsTests */,
				BA21C6302593CD6E00F11DF6 /* RealEstateListingsUITests */,
			);
		};
/* End PBXProject section */

/* Begin PBXResourcesBuildPhase section */
		BA21C6132593CD6900F11DF6 /* Resources */ = {
			isa = PBXResourcesBuildPhase;
			buildActionMask = 2147483647;
			files = (
				BA21C6202593CD6E00F11DF6 /* Preview Assets.xcassets in Resources */,
				BA21C61D2593CD6E00F11DF6 /* Assets.xcassets in Resources */,
			);
			runOnlyForDeploymentPostprocessing = 0;
		};
		BA21C6242593CD6E00F11DF6 /* Resources */ = {
			isa = PBXResourcesBuildPhase;
			buildActionMask = 2147483647;
			files = (
			);
			runOnlyForDeploymentPostprocessing = 0;
		};
		BA21C62F2593CD6E00F11DF6 /* Resources */ = {
			isa = PBXResourcesBuildPhase;
			buildActionMask = 2147483647;
			files = (
			);
			runOnlyForDeploymentPostprocessing = 0;
		};
/* End PBXResourcesBuildPhase section */

/* Begin PBXShellScriptBuildPhase section */
		90B47551816B28A98CF3F766 /* [CP] Embed Pods Frameworks */ = {
			isa = PBXShellScriptBuildPhase;
			buildActionMask = 2147483647;
			files = (
			);
			inputFileListPaths = (
				"${PODS_ROOT}/Target Support Files/Pods-RealEstateListings-RealEstateListingsUITests/Pods-RealEstateListings-RealEstateListingsUITests-frameworks-${CONFIGURATION}-input-files.xcfilelist",
			);
			name = "[CP] Embed Pods Frameworks";
			outputFileListPaths = (
				"${PODS_ROOT}/Target Support Files/Pods-RealEstateListings-RealEstateListingsUITests/Pods-RealEstateListings-RealEstateListingsUITests-frameworks-${CONFIGURATION}-output-files.xcfilelist",
			);
			runOnlyForDeploymentPostprocessing = 0;
			shellPath = /bin/sh;
			shellScript = "\"${PODS_ROOT}/Target Support Files/Pods-RealEstateListings-RealEstateListingsUITests/Pods-RealEstateListings-RealEstateListingsUITests-frameworks.sh\"\n";
			showEnvVarsInLog = 0;
		};
		9ABD0D85B49DBFCC40CE01BF /* [CP] Check Pods Manifest.lock */ = {
			isa = PBXShellScriptBuildPhase;
			buildActionMask = 2147483647;
			files = (
			);
			inputFileListPaths = (
			);
			inputPaths = (
				"${PODS_PODFILE_DIR_PATH}/Podfile.lock",
				"${PODS_ROOT}/Manifest.lock",
			);
			name = "[CP] Check Pods Manifest.lock";
			outputFileListPaths = (
			);
			outputPaths = (
				"$(DERIVED_FILE_DIR)/Pods-RealEstateListingsTests-checkManifestLockResult.txt",
			);
			runOnlyForDeploymentPostprocessing = 0;
			shellPath = /bin/sh;
			shellScript = "diff \"${PODS_PODFILE_DIR_PATH}/Podfile.lock\" \"${PODS_ROOT}/Manifest.lock\" > /dev/null\nif [ $? != 0 ] ; then\n    # print error to STDERR\n    echo \"error: The sandbox is not in sync with the Podfile.lock. Run 'pod install' or update your CocoaPods installation.\" >&2\n    exit 1\nfi\n# This output is used by Xcode 'outputs' to avoid re-running this script phase.\necho \"SUCCESS\" > \"${SCRIPT_OUTPUT_FILE_0}\"\n";
			showEnvVarsInLog = 0;
		};
		BFC970C03C4920A7D8266D28 /* [CP] Check Pods Manifest.lock */ = {
			isa = PBXShellScriptBuildPhase;
			buildActionMask = 2147483647;
			files = (
			);
			inputFileListPaths = (
			);
			inputPaths = (
				"${PODS_PODFILE_DIR_PATH}/Podfile.lock",
				"${PODS_ROOT}/Manifest.lock",
			);
			name = "[CP] Check Pods Manifest.lock";
			outputFileListPaths = (
			);
			outputPaths = (
				"$(DERIVED_FILE_DIR)/Pods-RealEstateListings-checkManifestLockResult.txt",
			);
			runOnlyForDeploymentPostprocessing = 0;
			shellPath = /bin/sh;
			shellScript = "diff \"${PODS_PODFILE_DIR_PATH}/Podfile.lock\" \"${PODS_ROOT}/Manifest.lock\" > /dev/null\nif [ $? != 0 ] ; then\n    # print error to STDERR\n    echo \"error: The sandbox is not in sync with the Podfile.lock. Run 'pod install' or update your CocoaPods installation.\" >&2\n    exit 1\nfi\n# This output is used by Xcode 'outputs' to avoid re-running this script phase.\necho \"SUCCESS\" > \"${SCRIPT_OUTPUT_FILE_0}\"\n";
			showEnvVarsInLog = 0;
		};
		E094542A52A32A57A7440F80 /* [CP] Embed Pods Frameworks */ = {
			isa = PBXShellScriptBuildPhase;
			buildActionMask = 2147483647;
			files = (
			);
			inputFileListPaths = (
				"${PODS_ROOT}/Target Support Files/Pods-RealEstateListings/Pods-RealEstateListings-frameworks-${CONFIGURATION}-input-files.xcfilelist",
			);
			name = "[CP] Embed Pods Frameworks";
			outputFileListPaths = (
				"${PODS_ROOT}/Target Support Files/Pods-RealEstateListings/Pods-RealEstateListings-frameworks-${CONFIGURATION}-output-files.xcfilelist",
			);
			runOnlyForDeploymentPostprocessing = 0;
			shellPath = /bin/sh;
			shellScript = "\"${PODS_ROOT}/Target Support Files/Pods-RealEstateListings/Pods-RealEstateListings-frameworks.sh\"\n";
			showEnvVarsInLog = 0;
		};
		EE574E62137F71F1B7452DEE /* [CP] Check Pods Manifest.lock */ = {
			isa = PBXShellScriptBuildPhase;
			buildActionMask = 2147483647;
			files = (
			);
			inputFileListPaths = (
			);
			inputPaths = (
				"${PODS_PODFILE_DIR_PATH}/Podfile.lock",
				"${PODS_ROOT}/Manifest.lock",
			);
			name = "[CP] Check Pods Manifest.lock";
			outputFileListPaths = (
			);
			outputPaths = (
				"$(DERIVED_FILE_DIR)/Pods-RealEstateListings-RealEstateListingsUITests-checkManifestLockResult.txt",
			);
			runOnlyForDeploymentPostprocessing = 0;
			shellPath = /bin/sh;
			shellScript = "diff \"${PODS_PODFILE_DIR_PATH}/Podfile.lock\" \"${PODS_ROOT}/Manifest.lock\" > /dev/null\nif [ $? != 0 ] ; then\n    # print error to STDERR\n    echo \"error: The sandbox is not in sync with the Podfile.lock. Run 'pod install' or update your CocoaPods installation.\" >&2\n    exit 1\nfi\n# This output is used by Xcode 'outputs' to avoid re-running this script phase.\necho \"SUCCESS\" > \"${SCRIPT_OUTPUT_FILE_0}\"\n";
			showEnvVarsInLog = 0;
		};
/* End PBXShellScriptBuildPhase section */

/* Begin PBXSourcesBuildPhase section */
		BA21C6112593CD6900F11DF6 /* Sources */ = {
			isa = PBXSourcesBuildPhase;
			buildActionMask = 2147483647;
			files = (
				BA21C61B2593CD6900F11DF6 /* ContentView.swift in Sources */,
				BAF42DD6259442C00011F9CE /* DetailView.swift in Sources */,
				BA21C6472593CE6300F11DF6 /* CardView.swift in Sources */,
				BA21C6192593CD6900F11DF6 /* RealEstateListingsApp.swift in Sources */,
				BA2452572594741300FBCD7E /* RealmSwift.swift in Sources */,
			);
			runOnlyForDeploymentPostprocessing = 0;
		};
		BA21C6222593CD6E00F11DF6 /* Sources */ = {
			isa = PBXSourcesBuildPhase;
			buildActionMask = 2147483647;
			files = (
				BA21C62B2593CD6E00F11DF6 /* RealEstateListingsTests.swift in Sources */,
			);
			runOnlyForDeploymentPostprocessing = 0;
		};
		BA21C62D2593CD6E00F11DF6 /* Sources */ = {
			isa = PBXSourcesBuildPhase;
			buildActionMask = 2147483647;
			files = (
				BA21C6362593CD6E00F11DF6 /* RealEstateListingsUITests.swift in Sources */,
			);
			runOnlyForDeploymentPostprocessing = 0;
		};
/* End PBXSourcesBuildPhase section */

/* Begin PBXTargetDependency section */
		BA21C6282593CD6E00F11DF6 /* PBXTargetDependency */ = {
			isa = PBXTargetDependency;
			target = BA21C6142593CD6900F11DF6 /* RealEstateListings */;
			targetProxy = BA21C6272593CD6E00F11DF6 /* PBXContainerItemProxy */;
		};
		BA21C6332593CD6E00F11DF6 /* PBXTargetDependency */ = {
			isa = PBXTargetDependency;
			target = BA21C6142593CD6900F11DF6 /* RealEstateListings */;
			targetProxy = BA21C6322593CD6E00F11DF6 /* PBXContainerItemProxy */;
		};
/* End PBXTargetDependency section */

/* Begin XCBuildConfiguration section */
		BA21C6382593CD6E00F11DF6 /* Debug */ = {
			isa = XCBuildConfiguration;
			buildSettings = {
				ALWAYS_SEARCH_USER_PATHS = NO;
				CLANG_ANALYZER_NONNULL = YES;
				CLANG_ANALYZER_NUMBER_OBJECT_CONVERSION = YES_AGGRESSIVE;
				CLANG_CXX_LANGUAGE_STANDARD = "gnu++14";
				CLANG_CXX_LIBRARY = "libc++";
				CLANG_ENABLE_MODULES = YES;
				CLANG_ENABLE_OBJC_ARC = YES;
				CLANG_ENABLE_OBJC_WEAK = YES;
				CLANG_WARN_BLOCK_CAPTURE_AUTORELEASING = YES;
				CLANG_WARN_BOOL_CONVERSION = YES;
				CLANG_WARN_COMMA = YES;
				CLANG_WARN_CONSTANT_CONVERSION = YES;
				CLANG_WARN_DEPRECATED_OBJC_IMPLEMENTATIONS = YES;
				CLANG_WARN_DIRECT_OBJC_ISA_USAGE = YES_ERROR;
				CLANG_WARN_DOCUMENTATION_COMMENTS = YES;
				CLANG_WARN_EMPTY_BODY = YES;
				CLANG_WARN_ENUM_CONVERSION = YES;
				CLANG_WARN_INFINITE_RECURSION = YES;
				CLANG_WARN_INT_CONVERSION = YES;
				CLANG_WARN_NON_LITERAL_NULL_CONVERSION = YES;
				CLANG_WARN_OBJC_IMPLICIT_RETAIN_SELF = YES;
				CLANG_WARN_OBJC_LITERAL_CONVERSION = YES;
				CLANG_WARN_OBJC_ROOT_CLASS = YES_ERROR;
				CLANG_WARN_QUOTED_INCLUDE_IN_FRAMEWORK_HEADER = YES;
				CLANG_WARN_RANGE_LOOP_ANALYSIS = YES;
				CLANG_WARN_STRICT_PROTOTYPES = YES;
				CLANG_WARN_SUSPICIOUS_MOVE = YES;
				CLANG_WARN_UNGUARDED_AVAILABILITY = YES_AGGRESSIVE;
				CLANG_WARN_UNREACHABLE_CODE = YES;
				CLANG_WARN__DUPLICATE_METHOD_MATCH = YES;
				COPY_PHASE_STRIP = NO;
				DEBUG_INFORMATION_FORMAT = dwarf;
				ENABLE_STRICT_OBJC_MSGSEND = YES;
				ENABLE_TESTABILITY = YES;
				GCC_C_LANGUAGE_STANDARD = gnu11;
				GCC_DYNAMIC_NO_PIC = NO;
				GCC_NO_COMMON_BLOCKS = YES;
				GCC_OPTIMIZATION_LEVEL = 0;
				GCC_PREPROCESSOR_DEFINITIONS = (
					"DEBUG=1",
					"$(inherited)",
				);
				GCC_WARN_64_TO_32_BIT_CONVERSION = YES;
				GCC_WARN_ABOUT_RETURN_TYPE = YES_ERROR;
				GCC_WARN_UNDECLARED_SELECTOR = YES;
				GCC_WARN_UNINITIALIZED_AUTOS = YES_AGGRESSIVE;
				GCC_WARN_UNUSED_FUNCTION = YES;
				GCC_WARN_UNUSED_VARIABLE = YES;
				IPHONEOS_DEPLOYMENT_TARGET = 14.2;
				MTL_ENABLE_DEBUG_INFO = INCLUDE_SOURCE;
				MTL_FAST_MATH = YES;
				ONLY_ACTIVE_ARCH = YES;
				SDKROOT = iphoneos;
				SWIFT_ACTIVE_COMPILATION_CONDITIONS = DEBUG;
				SWIFT_OPTIMIZATION_LEVEL = "-Onone";
			};
			name = Debug;
		};
		BA21C6392593CD6E00F11DF6 /* Release */ = {
			isa = XCBuildConfiguration;
			buildSettings = {
				ALWAYS_SEARCH_USER_PATHS = NO;
				CLANG_ANALYZER_NONNULL = YES;
				CLANG_ANALYZER_NUMBER_OBJECT_CONVERSION = YES_AGGRESSIVE;
				CLANG_CXX_LANGUAGE_STANDARD = "gnu++14";
				CLANG_CXX_LIBRARY = "libc++";
				CLANG_ENABLE_MODULES = YES;
				CLANG_ENABLE_OBJC_ARC = YES;
				CLANG_ENABLE_OBJC_WEAK = YES;
				CLANG_WARN_BLOCK_CAPTURE_AUTORELEASING = YES;
				CLANG_WARN_BOOL_CONVERSION = YES;
				CLANG_WARN_COMMA = YES;
				CLANG_WARN_CONSTANT_CONVERSION = YES;
				CLANG_WARN_DEPRECATED_OBJC_IMPLEMENTATIONS = YES;
				CLANG_WARN_DIRECT_OBJC_ISA_USAGE = YES_ERROR;
				CLANG_WARN_DOCUMENTATION_COMMENTS = YES;
				CLANG_WARN_EMPTY_BODY = YES;
				CLANG_WARN_ENUM_CONVERSION = YES;
				CLANG_WARN_INFINITE_RECURSION = YES;
				CLANG_WARN_INT_CONVERSION = YES;
				CLANG_WARN_NON_LITERAL_NULL_CONVERSION = YES;
				CLANG_WARN_OBJC_IMPLICIT_RETAIN_SELF = YES;
				CLANG_WARN_OBJC_LITERAL_CONVERSION = YES;
				CLANG_WARN_OBJC_ROOT_CLASS = YES_ERROR;
				CLANG_WARN_QUOTED_INCLUDE_IN_FRAMEWORK_HEADER = YES;
				CLANG_WARN_RANGE_LOOP_ANALYSIS = YES;
				CLANG_WARN_STRICT_PROTOTYPES = YES;
				CLANG_WARN_SUSPICIOUS_MOVE = YES;
				CLANG_WARN_UNGUARDED_AVAILABILITY = YES_AGGRESSIVE;
				CLANG_WARN_UNREACHABLE_CODE = YES;
				CLANG_WARN__DUPLICATE_METHOD_MATCH = YES;
				COPY_PHASE_STRIP = NO;
				DEBUG_INFORMATION_FORMAT = "dwarf-with-dsym";
				ENABLE_NS_ASSERTIONS = NO;
				ENABLE_STRICT_OBJC_MSGSEND = YES;
				GCC_C_LANGUAGE_STANDARD = gnu11;
				GCC_NO_COMMON_BLOCKS = YES;
				GCC_WARN_64_TO_32_BIT_CONVERSION = YES;
				GCC_WARN_ABOUT_RETURN_TYPE = YES_ERROR;
				GCC_WARN_UNDECLARED_SELECTOR = YES;
				GCC_WARN_UNINITIALIZED_AUTOS = YES_AGGRESSIVE;
				GCC_WARN_UNUSED_FUNCTION = YES;
				GCC_WARN_UNUSED_VARIABLE = YES;
				IPHONEOS_DEPLOYMENT_TARGET = 14.2;
				MTL_ENABLE_DEBUG_INFO = NO;
				MTL_FAST_MATH = YES;
				SDKROOT = iphoneos;
				SWIFT_COMPILATION_MODE = wholemodule;
				SWIFT_OPTIMIZATION_LEVEL = "-O";
				VALIDATE_PRODUCT = YES;
			};
			name = Release;
		};
		BA21C63B2593CD6E00F11DF6 /* Debug */ = {
			isa = XCBuildConfiguration;
			baseConfigurationReference = 09BBD39234A0ADBEC0733FAD /* Pods-RealEstateListings.debug.xcconfig */;
			buildSettings = {
				ASSETCATALOG_COMPILER_APPICON_NAME = AppIcon;
				ASSETCATALOG_COMPILER_GLOBAL_ACCENT_COLOR_NAME = AccentColor;
				CODE_SIGN_STYLE = Automatic;
				DEVELOPMENT_ASSET_PATHS = "\"RealEstateListings/Preview Content\"";
				DEVELOPMENT_TEAM = 6BUS3U45C2;
				ENABLE_PREVIEWS = YES;
				INFOPLIST_FILE = RealEstateListings/Info.plist;
				IPHONEOS_DEPLOYMENT_TARGET = 14.0;
				LD_RUNPATH_SEARCH_PATHS = (
					"$(inherited)",
					"@executable_path/Frameworks",
				);
				PRODUCT_BUNDLE_IDENTIFIER = com.espalhar.RealEstateListings;
				PRODUCT_NAME = "$(TARGET_NAME)";
				SWIFT_VERSION = 5.0;
				TARGETED_DEVICE_FAMILY = "1,2";
			};
			name = Debug;
		};
		BA21C63C2593CD6E00F11DF6 /* Release */ = {
			isa = XCBuildConfiguration;
			baseConfigurationReference = D07A13B02775910E35A2C65D /* Pods-RealEstateListings.release.xcconfig */;
			buildSettings = {
				ASSETCATALOG_COMPILER_APPICON_NAME = AppIcon;
				ASSETCATALOG_COMPILER_GLOBAL_ACCENT_COLOR_NAME = AccentColor;
				CODE_SIGN_STYLE = Automatic;
				DEVELOPMENT_ASSET_PATHS = "\"RealEstateListings/Preview Content\"";
				DEVELOPMENT_TEAM = 6BUS3U45C2;
				ENABLE_PREVIEWS = YES;
				INFOPLIST_FILE = RealEstateListings/Info.plist;
				IPHONEOS_DEPLOYMENT_TARGET = 14.0;
				LD_RUNPATH_SEARCH_PATHS = (
					"$(inherited)",
					"@executable_path/Frameworks",
				);
				PRODUCT_BUNDLE_IDENTIFIER = com.espalhar.RealEstateListings;
				PRODUCT_NAME = "$(TARGET_NAME)";
				SWIFT_VERSION = 5.0;
				TARGETED_DEVICE_FAMILY = "1,2";
			};
			name = Release;
		};
		BA21C63E2593CD6E00F11DF6 /* Debug */ = {
			isa = XCBuildConfiguration;
			baseConfigurationReference = 865C159308919472A6775BC2 /* Pods-RealEstateListingsTests.debug.xcconfig */;
			buildSettings = {
				ALWAYS_EMBED_SWIFT_STANDARD_LIBRARIES = YES;
				BUNDLE_LOADER = "$(TEST_HOST)";
				CODE_SIGN_STYLE = Automatic;
				DEVELOPMENT_TEAM = 6BUS3U45C2;
				INFOPLIST_FILE = RealEstateListingsTests/Info.plist;
				IPHONEOS_DEPLOYMENT_TARGET = 14.0;
				LD_RUNPATH_SEARCH_PATHS = (
					"$(inherited)",
					"@executable_path/Frameworks",
					"@loader_path/Frameworks",
				);
				PRODUCT_BUNDLE_IDENTIFIER = com.espalhar.RealEstateListingsTests;
				PRODUCT_NAME = "$(TARGET_NAME)";
				SWIFT_VERSION = 5.0;
				TARGETED_DEVICE_FAMILY = "1,2";
				TEST_HOST = "$(BUILT_PRODUCTS_DIR)/RealEstateListings.app/RealEstateListings";
			};
			name = Debug;
		};
		BA21C63F2593CD6E00F11DF6 /* Release */ = {
			isa = XCBuildConfiguration;
			baseConfigurationReference = CC5941912AB253F6B3B39046 /* Pods-RealEstateListingsTests.release.xcconfig */;
			buildSettings = {
				ALWAYS_EMBED_SWIFT_STANDARD_LIBRARIES = YES;
				BUNDLE_LOADER = "$(TEST_HOST)";
				CODE_SIGN_STYLE = Automatic;
				DEVELOPMENT_TEAM = 6BUS3U45C2;
				INFOPLIST_FILE = RealEstateListingsTests/Info.plist;
				IPHONEOS_DEPLOYMENT_TARGET = 14.0;
				LD_RUNPATH_SEARCH_PATHS = (
					"$(inherited)",
					"@executable_path/Frameworks",
					"@loader_path/Frameworks",
				);
				PRODUCT_BUNDLE_IDENTIFIER = com.espalhar.RealEstateListingsTests;
				PRODUCT_NAME = "$(TARGET_NAME)";
				SWIFT_VERSION = 5.0;
				TARGETED_DEVICE_FAMILY = "1,2";
				TEST_HOST = "$(BUILT_PRODUCTS_DIR)/RealEstateListings.app/RealEstateListings";
			};
			name = Release;
		};
		BA21C6412593CD6E00F11DF6 /* Debug */ = {
			isa = XCBuildConfiguration;
			baseConfigurationReference = 3920B98A04F26B3302469B22 /* Pods-RealEstateListings-RealEstateListingsUITests.debug.xcconfig */;
			buildSettings = {
				ALWAYS_EMBED_SWIFT_STANDARD_LIBRARIES = YES;
				CODE_SIGN_STYLE = Automatic;
				DEVELOPMENT_TEAM = 6BUS3U45C2;
				INFOPLIST_FILE = RealEstateListingsUITests/Info.plist;
				LD_RUNPATH_SEARCH_PATHS = (
					"$(inherited)",
					"@executable_path/Frameworks",
					"@loader_path/Frameworks",
				);
				PRODUCT_BUNDLE_IDENTIFIER = com.espalhar.RealEstateListingsUITests;
				PRODUCT_NAME = "$(TARGET_NAME)";
				SWIFT_VERSION = 5.0;
				TARGETED_DEVICE_FAMILY = "1,2";
				TEST_TARGET_NAME = RealEstateListings;
			};
			name = Debug;
		};
		BA21C6422593CD6E00F11DF6 /* Release */ = {
			isa = XCBuildConfiguration;
			baseConfigurationReference = 9F1CEC2CF97D78ACE0F9C699 /* Pods-RealEstateListings-RealEstateListingsUITests.release.xcconfig */;
			buildSettings = {
				ALWAYS_EMBED_SWIFT_STANDARD_LIBRARIES = YES;
				CODE_SIGN_STYLE = Automatic;
				DEVELOPMENT_TEAM = 6BUS3U45C2;
				INFOPLIST_FILE = RealEstateListingsUITests/Info.plist;
				LD_RUNPATH_SEARCH_PATHS = (
					"$(inherited)",
					"@executable_path/Frameworks",
					"@loader_path/Frameworks",
				);
				PRODUCT_BUNDLE_IDENTIFIER = com.espalhar.RealEstateListingsUITests;
				PRODUCT_NAME = "$(TARGET_NAME)";
				SWIFT_VERSION = 5.0;
				TARGETED_DEVICE_FAMILY = "1,2";
				TEST_TARGET_NAME = RealEstateListings;
			};
			name = Release;
		};
/* End XCBuildConfiguration section */

/* Begin XCConfigurationList section */
		BA21C6102593CD6900F11DF6 /* Build configuration list for PBXProject "RealEstateListings" */ = {
			isa = XCConfigurationList;
			buildConfigurations = (
				BA21C6382593CD6E00F11DF6 /* Debug */,
				BA21C6392593CD6E00F11DF6 /* Release */,
			);
			defaultConfigurationIsVisible = 0;
			defaultConfigurationName = Release;
		};
		BA21C63A2593CD6E00F11DF6 /* Build configuration list for PBXNativeTarget "RealEstateListings" */ = {
			isa = XCConfigurationList;
			buildConfigurations = (
				BA21C63B2593CD6E00F11DF6 /* Debug */,
				BA21C63C2593CD6E00F11DF6 /* Release */,
			);
			defaultConfigurationIsVisible = 0;
			defaultConfigurationName = Release;
		};
		BA21C63D2593CD6E00F11DF6 /* Build configuration list for PBXNativeTarget "RealEstateListingsTests" */ = {
			isa = XCConfigurationList;
			buildConfigurations = (
				BA21C63E2593CD6E00F11DF6 /* Debug */,
				BA21C63F2593CD6E00F11DF6 /* Release */,
			);
			defaultConfigurationIsVisible = 0;
			defaultConfigurationName = Release;
		};
		BA21C6402593CD6E00F11DF6 /* Build configuration list for PBXNativeTarget "RealEstateListingsUITests" */ = {
			isa = XCConfigurationList;
			buildConfigurations = (
				BA21C6412593CD6E00F11DF6 /* Debug */,
				BA21C6422593CD6E00F11DF6 /* Release */,
			);
			defaultConfigurationIsVisible = 0;
			defaultConfigurationName = Release;
		};
/* End XCConfigurationList section */
	};
	rootObject = BA21C60D2593CD6900F11DF6 /* Project object */;
}
